
Microsoft Visual Studio Solution File, Format Version 12.00
# Visual Studio 2012
Project("{FAE04EC0-301F-11D3-BF4B-00C04F79EFBC}") = "TTWindowsService", "TTWindowsService\TTWindowsService.csproj", "{F96B6803-3624-4F25-864C-9D3ED2221479}"
EndProject
Project("{FAE04EC0-301F-11D3-BF4B-00C04F79EFBC}") = "TTWindowsServiceModel", "TTWindowsServiceModel\TTWindowsServiceModel.csproj", "{38F41961-DC8F-4A86-B1D2-48D3F6FF9D6F}"
EndProject
Global
	GlobalSection(SolutionConfigurationPlatforms) = preSolution
		Debug|Any CPU = Debug|Any CPU
		Release|Any CPU = Release|Any CPU
	EndGlobalSection
	GlobalSection(ProjectConfigurationPlatforms) = postSolution
		{F96B6803-3624-4F25-864C-9D3ED2221479}.Debug|Any CPU.ActiveCfg = Debug|Any CPU
		{F96B6803-3624-4F25-864C-9D3ED2221479}.Debug|Any CPU.Build.0 = Debug|Any CPU
		{F96B6803-3624-4F25-864C-9D3ED2221479}.Release|Any CPU.ActiveCfg = Release|Any CPU
		{F96B6803-3624-4F25-864C-9D3ED2221479}.Release|Any CPU.Build.0 = Release|Any CPU
		{38F41961-DC8F-4A86-B1D2-48D3F6FF9D6F}.Debug|Any CPU.ActiveCfg = Debug|Any CPU
		{38F41961-DC8F-4A86-B1D2-48D3F6FF9D6F}.Debug|Any CPU.Build.0 = Debug|Any CPU
		{38F41961-DC8F-4A86-B1D2-48D3F6FF9D6F}.Release|Any CPU.ActiveCfg = Release|Any CPU
		{38F41961-DC8F-4A86-B1D2-48D3F6FF9D6F}.Release|Any CPU.Build.0 = Release|Any CPU
	EndGlobalSection
	GlobalSection(SolutionProperties) = preSolution
		HideSolutionNode = FALSE
	EndGlobalSection
EndGlobal
